
Microsoft Visual Studio Solution File, Format Version 12.00
# Visual Studio Version 17
VisualStudioVersion = 17.0.31903.59
MinimumVisualStudioVersion = 10.0.40219.1
Project("{2150E333-8FDC-42A3-9474-1A3956D46DE8}") = "src", "src", "{84EDF5DB-2F0D-418C-8225-46D3FDEBE26B}"
EndProject
Project("{FAE04EC0-301F-11D3-BF4B-00C04F79EFBC}") = "DotNetDevMCP.Core", "src\DotNetDevMCP.Core\DotNetDevMCP.Core.csproj", "{94808323-1F28-4D96-89B6-5B57B6C76E8E}"
EndProject
Project("{FAE04EC0-301F-11D3-BF4B-00C04F79EFBC}") = "DotNetDevMCP.Analysis", "src\DotNetDevMCP.Analysis\DotNetDevMCP.Analysis.csproj", "{E11B777E-5B1B-460D-88A8-BC70711409B7}"
EndProject
Project("{FAE04EC0-301F-11D3-BF4B-00C04F79EFBC}") = "DotNetDevMCP.Build", "src\DotNetDevMCP.Build\DotNetDevMCP.Build.csproj", "{8DF0ED02-44C7-4A12-8BF0-FA5615EAFF46}"
EndProject
Project("{FAE04EC0-301F-11D3-BF4B-00C04F79EFBC}") = "DotNetDevMCP.SourceControl", "src\DotNetDevMCP.SourceControl\DotNetDevMCP.SourceControl.csproj", "{30B0D7C3-64B7-46FC-86C7-4A7B1C49178E}"
EndProject
Project("{FAE04EC0-301F-11D3-BF4B-00C04F79EFBC}") = "DotNetDevMCP.Testing", "src\DotNetDevMCP.Testing\DotNetDevMCP.Testing.csproj", "{DBCEE301-2E82-4EFD-ADCB-B14155DAF066}"
EndProject
Project("{FAE04EC0-301F-11D3-BF4B-00C04F79EFBC}") = "DotNetDevMCP.Monitoring", "src\DotNetDevMCP.Monitoring\DotNetDevMCP.Monitoring.csproj", "{5BF8DEFA-40CF-40C0-8AC2-17AD7E1BD583}"
EndProject
Project("{FAE04EC0-301F-11D3-BF4B-00C04F79EFBC}") = "DotNetDevMCP.Documentation", "src\DotNetDevMCP.Documentation\DotNetDevMCP.Documentation.csproj", "{46A8B68E-CB06-4FDA-B6D5-7143F4080017}"
EndProject
Project("{FAE04EC0-301F-11D3-BF4B-00C04F79EFBC}") = "DotNetDevMCP.Orchestration", "src\DotNetDevMCP.Orchestration\DotNetDevMCP.Orchestration.csproj", "{FE95FCF8-8466-45DD-B70C-3A3D9D50CEC6}"
EndProject
Project("{FAE04EC0-301F-11D3-BF4B-00C04F79EFBC}") = "DotNetDevMCP.Server", "src\DotNetDevMCP.Server\DotNetDevMCP.Server.csproj", "{550B50BB-30D3-4722-8A6C-ECF43440EA85}"
EndProject
Project("{2150E333-8FDC-42A3-9474-1A3956D46DE8}") = "tests", "tests", "{E9ED6035-4BFD-4E58-A24B-F408555A5D08}"
EndProject
Project("{FAE04EC0-301F-11D3-BF4B-00C04F79EFBC}") = "DotNetDevMCP.Core.Tests", "tests\DotNetDevMCP.Core.Tests\DotNetDevMCP.Core.Tests.csproj", "{5B9B7160-9695-437F-B984-26214C3817AC}"
EndProject
Project("{FAE04EC0-301F-11D3-BF4B-00C04F79EFBC}") = "DotNetDevMCP.CodeIntelligence.Tests", "tests\DotNetDevMCP.CodeIntelligence.Tests\DotNetDevMCP.CodeIntelligence.Tests.csproj", "{032F802F-32E6-4292-B75F-A2999C1C5845}"
EndProject
Project("{FAE04EC0-301F-11D3-BF4B-00C04F79EFBC}") = "DotNetDevMCP.SourceControl.Tests", "tests\DotNetDevMCP.SourceControl.Tests\DotNetDevMCP.SourceControl.Tests.csproj", "{339AB223-2A3F-4331-9176-324BDECD7992}"
EndProject
Project("{FAE04EC0-301F-11D3-BF4B-00C04F79EFBC}") = "DotNetDevMCP.Testing.Tests", "tests\DotNetDevMCP.Testing.Tests\DotNetDevMCP.Testing.Tests.csproj", "{54C810DB-1D53-43D0-8B40-E2DDAF145D2B}"
EndProject
Project("{FAE04EC0-301F-11D3-BF4B-00C04F79EFBC}") = "DotNetDevMCP.Integration.Tests", "tests\DotNetDevMCP.Integration.Tests\DotNetDevMCP.Integration.Tests.csproj", "{4AB4EDD9-B4C3-440E-AC35-2AA10EEEFC28}"
EndProject
Project("{FAE04EC0-301F-11D3-BF4B-00C04F79EFBC}") = "DotNetDevMCP.CodeIntelligence", "src\DotNetDevMCP.CodeIntelligence\DotNetDevMCP.CodeIntelligence.csproj", "{0C372D42-3E00-43F1-BAF1-1FF87A67BB5D}"
EndProject
Project("{2150E333-8FDC-42A3-9474-1A3956D46DE8}") = "samples", "samples", "{CCD7F81D-222C-4FF4-934F-B398E22D9379}"
EndProject
Project("{FAE04EC0-301F-11D3-BF4B-00C04F79EFBC}") = "OrchestrationDemo", "samples\OrchestrationDemo\OrchestrationDemo.csproj", "{D89FB4E2-69CE-47E8-99E6-880D2E1E6363}"
EndProject
Project("{2150E333-8FDC-42A3-9474-1A3956D46DE8}") = "benchmarks", "benchmarks", "{68C59694-BB64-436D-9A49-7F029E5976D7}"
EndProject
Project("{FAE04EC0-301F-11D3-BF4B-00C04F79EFBC}") = "DotNetDevMCP.Benchmarks", "benchmarks\DotNetDevMCP.Benchmarks\DotNetDevMCP.Benchmarks.csproj", "{FAC3E5A6-9710-4D33-A779-2DCE3F9172B6}"
EndProject
Project("{FAE04EC0-301F-11D3-BF4B-00C04F79EFBC}") = "TestingServiceDemo", "samples\TestingServiceDemo\TestingServiceDemo.csproj", "{95418089-1299-4A82-8369-43DAC789DBC5}"
EndProject
Project("{FAE04EC0-301F-11D3-BF4B-00C04F79EFBC}") = "RealTestExecutionDemo", "samples\RealTestExecutionDemo\RealTestExecutionDemo.csproj", "{455A1603-46F6-4C6B-B455-325FE4B0AC72}"
EndProject
Global
	GlobalSection(SolutionConfigurationPlatforms) = preSolution
		Debug|Any CPU = Debug|Any CPU
		Release|Any CPU = Release|Any CPU
	EndGlobalSection
	GlobalSection(SolutionProperties) = preSolution
		HideSolutionNode = FALSE
	EndGlobalSection
	GlobalSection(ProjectConfigurationPlatforms) = postSolution
		{94808323-1F28-4D96-89B6-5B57B6C76E8E}.Debug|Any CPU.ActiveCfg = Debug|Any CPU
		{94808323-1F28-4D96-89B6-5B57B6C76E8E}.Debug|Any CPU.Build.0 = Debug|Any CPU
		{94808323-1F28-4D96-89B6-5B57B6C76E8E}.Release|Any CPU.ActiveCfg = Release|Any CPU
		{94808323-1F28-4D96-89B6-5B57B6C76E8E}.Release|Any CPU.Build.0 = Release|Any CPU
		{E11B777E-5B1B-460D-88A8-BC70711409B7}.Debug|Any CPU.ActiveCfg = Debug|Any CPU
		{E11B777E-5B1B-460D-88A8-BC70711409B7}.Debug|Any CPU.Build.0 = Debug|Any CPU
		{E11B777E-5B1B-460D-88A8-BC70711409B7}.Release|Any CPU.ActiveCfg = Release|Any CPU
		{E11B777E-5B1B-460D-88A8-BC70711409B7}.Release|Any CPU.Build.0 = Release|Any CPU
		{8DF0ED02-44C7-4A12-8BF0-FA5615EAFF46}.Debug|Any CPU.ActiveCfg = Debug|Any CPU
		{8DF0ED02-44C7-4A12-8BF0-FA5615EAFF46}.Debug|Any CPU.Build.0 = Debug|Any CPU
		{8DF0ED02-44C7-4A12-8BF0-FA5615EAFF46}.Release|Any CPU.ActiveCfg = Release|Any CPU
		{8DF0ED02-44C7-4A12-8BF0-FA5615EAFF46}.Release|Any CPU.Build.0 = Release|Any CPU
		{30B0D7C3-64B7-46FC-86C7-4A7B1C49178E}.Debug|Any CPU.ActiveCfg = Debug|Any CPU
		{30B0D7C3-64B7-46FC-86C7-4A7B1C49178E}.Debug|Any CPU.Build.0 = Debug|Any CPU
		{30B0D7C3-64B7-46FC-86C7-4A7B1C49178E}.Release|Any CPU.ActiveCfg = Release|Any CPU
		{30B0D7C3-64B7-46FC-86C7-4A7B1C49178E}.Release|Any CPU.Build.0 = Release|Any CPU
		{DBCEE301-2E82-4EFD-ADCB-B14155DAF066}.Debug|Any CPU.ActiveCfg = Debug|Any CPU
		{DBCEE301-2E82-4EFD-ADCB-B14155DAF066}.Debug|Any CPU.Build.0 = Debug|Any CPU
		{DBCEE301-2E82-4EFD-ADCB-B14155DAF066}.Release|Any CPU.ActiveCfg = Release|Any CPU
		{DBCEE301-2E82-4EFD-ADCB-B14155DAF066}.Release|Any CPU.Build.0 = Release|Any CPU
		{5BF8DEFA-40CF-40C0-8AC2-17AD7E1BD583}.Debug|Any CPU.ActiveCfg = Debug|Any CPU
		{5BF8DEFA-40CF-40C0-8AC2-17AD7E1BD583}.Debug|Any CPU.Build.0 = Debug|Any CPU
		{5BF8DEFA-40CF-40C0-8AC2-17AD7E1BD583}.Release|Any CPU.ActiveCfg = Release|Any CPU
		{5BF8DEFA-40CF-40C0-8AC2-17AD7E1BD583}.Release|Any CPU.Build.0 = Release|Any CPU
		{46A8B68E-CB06-4FDA-B6D5-7143F4080017}.Debug|Any CPU.ActiveCfg = Debug|Any CPU
		{46A8B68E-CB06-4FDA-B6D5-7143F4080017}.Debug|Any CPU.Build.0 = Debug|Any CPU
		{46A8B68E-CB06-4FDA-B6D5-7143F4080017}.Release|Any CPU.ActiveCfg = Release|Any CPU
		{46A8B68E-CB06-4FDA-B6D5-7143F4080017}.Release|Any CPU.Build.0 = Release|Any CPU
		{FE95FCF8-8466-45DD-B70C-3A3D9D50CEC6}.Debug|Any CPU.ActiveCfg = Debug|Any CPU
		{FE95FCF8-8466-45DD-B70C-3A3D9D50CEC6}.Debug|Any CPU.Build.0 = Debug|Any CPU
		{FE95FCF8-8466-45DD-B70C-3A3D9D50CEC6}.Release|Any CPU.ActiveCfg = Release|Any CPU
		{FE95FCF8-8466-45DD-B70C-3A3D9D50CEC6}.Release|Any CPU.Build.0 = Release|Any CPU
		{550B50BB-30D3-4722-8A6C-ECF43440EA85}.Debug|Any CPU.ActiveCfg = Debug|Any CPU
		{550B50BB-30D3-4722-8A6C-ECF43440EA85}.Debug|Any CPU.Build.0 = Debug|Any CPU
		{550B50BB-30D3-4722-8A6C-ECF43440EA85}.Release|Any CPU.ActiveCfg = Release|Any CPU
		{550B50BB-30D3-4722-8A6C-ECF43440EA85}.Release|Any CPU.Build.0 = Release|Any CPU
		{5B9B7160-9695-437F-B984-26214C3817AC}.Debug|Any CPU.ActiveCfg = Debug|Any CPU
		{5B9B7160-9695-437F-B984-26214C3817AC}.Debug|Any CPU.Build.0 = Debug|Any CPU
		{5B9B7160-9695-437F-B984-26214C3817AC}.Release|Any CPU.ActiveCfg = Release|Any CPU
		{5B9B7160-9695-437F-B984-26214C3817AC}.Release|Any CPU.Build.0 = Release|Any CPU
		{032F802F-32E6-4292-B75F-A2999C1C5845}.Debug|Any CPU.ActiveCfg = Debug|Any CPU
		{032F802F-32E6-4292-B75F-A2999C1C5845}.Debug|Any CPU.Build.0 = Debug|Any CPU
		{032F802F-32E6-4292-B75F-A2999C1C5845}.Release|Any CPU.ActiveCfg = Release|Any CPU
		{032F802F-32E6-4292-B75F-A2999C1C5845}.Release|Any CPU.Build.0 = Release|Any CPU
		{339AB223-2A3F-4331-9176-324BDECD7992}.Debug|Any CPU.ActiveCfg = Debug|Any CPU
		{339AB223-2A3F-4331-9176-324BDECD7992}.Debug|Any CPU.Build.0 = Debug|Any CPU
		{339AB223-2A3F-4331-9176-324BDECD7992}.Release|Any CPU.ActiveCfg = Release|Any CPU
		{339AB223-2A3F-4331-9176-324BDECD7992}.Release|Any CPU.Build.0 = Release|Any CPU
		{54C810DB-1D53-43D0-8B40-E2DDAF145D2B}.Debug|Any CPU.ActiveCfg = Debug|Any CPU
		{54C810DB-1D53-43D0-8B40-E2DDAF145D2B}.Debug|Any CPU.Build.0 = Debug|Any CPU
		{54C810DB-1D53-43D0-8B40-E2DDAF145D2B}.Release|Any CPU.ActiveCfg = Release|Any CPU
		{54C810DB-1D53-43D0-8B40-E2DDAF145D2B}.Release|Any CPU.Build.0 = Release|Any CPU
		{4AB4EDD9-B4C3-440E-AC35-2AA10EEEFC28}.Debug|Any CPU.ActiveCfg = Debug|Any CPU
		{4AB4EDD9-B4C3-440E-AC35-2AA10EEEFC28}.Debug|Any CPU.Build.0 = Debug|Any CPU
		{4AB4EDD9-B4C3-440E-AC35-2AA10EEEFC28}.Release|Any CPU.ActiveCfg = Release|Any CPU
		{4AB4EDD9-B4C3-440E-AC35-2AA10EEEFC28}.Release|Any CPU.Build.0 = Release|Any CPU
		{0C372D42-3E00-43F1-BAF1-1FF87A67BB5D}.Debug|Any CPU.ActiveCfg = Debug|Any CPU
		{0C372D42-3E00-43F1-BAF1-1FF87A67BB5D}.Debug|Any CPU.Build.0 = Debug|Any CPU
		{0C372D42-3E00-43F1-BAF1-1FF87A67BB5D}.Release|Any CPU.ActiveCfg = Release|Any CPU
		{0C372D42-3E00-43F1-BAF1-1FF87A67BB5D}.Release|Any CPU.Build.0 = Release|Any CPU
		{D89FB4E2-69CE-47E8-99E6-880D2E1E6363}.Debug|Any CPU.ActiveCfg = Debug|Any CPU
		{D89FB4E2-69CE-47E8-99E6-880D2E1E6363}.Debug|Any CPU.Build.0 = Debug|Any CPU
		{D89FB4E2-69CE-47E8-99E6-880D2E1E6363}.Release|Any CPU.ActiveCfg = Release|Any CPU
		{D89FB4E2-69CE-47E8-99E6-880D2E1E6363}.Release|Any CPU.Build.0 = Release|Any CPU
		{FAC3E5A6-9710-4D33-A779-2DCE3F9172B6}.Debug|Any CPU.ActiveCfg = Debug|Any CPU
		{FAC3E5A6-9710-4D33-A779-2DCE3F9172B6}.Debug|Any CPU.Build.0 = Debug|Any CPU
		{FAC3E5A6-9710-4D33-A779-2DCE3F9172B6}.Release|Any CPU.ActiveCfg = Release|Any CPU
		{FAC3E5A6-9710-4D33-A779-2DCE3F9172B6}.Release|Any CPU.Build.0 = Release|Any CPU
		{95418089-1299-4A82-8369-43DAC789DBC5}.Debug|Any CPU.ActiveCfg = Debug|Any CPU
		{95418089-1299-4A82-8369-43DAC789DBC5}.Debug|Any CPU.Build.0 = Debug|Any CPU
		{95418089-1299-4A82-8369-43DAC789DBC5}.Release|Any CPU.ActiveCfg = Release|Any CPU
		{95418089-1299-4A82-8369-43DAC789DBC5}.Release|Any CPU.Build.0 = Release|Any CPU
		{455A1603-46F6-4C6B-B455-325FE4B0AC72}.Debug|Any CPU.ActiveCfg = Debug|Any CPU
		{455A1603-46F6-4C6B-B455-325FE4B0AC72}.Debug|Any CPU.Build.0 = Debug|Any CPU
		{455A1603-46F6-4C6B-B455-325FE4B0AC72}.Release|Any CPU.ActiveCfg = Release|Any CPU
		{455A1603-46F6-4C6B-B455-325FE4B0AC72}.Release|Any CPU.Build.0 = Release|Any CPU
	EndGlobalSection
	GlobalSection(NestedProjects) = preSolution
		{94808323-1F28-4D96-89B6-5B57B6C76E8E} = {84EDF5DB-2F0D-418C-8225-46D3FDEBE26B}
		{E11B777E-5B1B-460D-88A8-BC70711409B7} = {84EDF5DB-2F0D-418C-8225-46D3FDEBE26B}
		{8DF0ED02-44C7-4A12-8BF0-FA5615EAFF46} = {84EDF5DB-2F0D-418C-8225-46D3FDEBE26B}
		{30B0D7C3-64B7-46FC-86C7-4A7B1C49178E} = {84EDF5DB-2F0D-418C-8225-46D3FDEBE26B}
		{DBCEE301-2E82-4EFD-ADCB-B14155DAF066} = {84EDF5DB-2F0D-418C-8225-46D3FDEBE26B}
		{5BF8DEFA-40CF-40C0-8AC2-17AD7E1BD583} = {84EDF5DB-2F0D-418C-8225-46D3FDEBE26B}
		{46A8B68E-CB06-4FDA-B6D5-7143F4080017} = {84EDF5DB-2F0D-418C-8225-46D3FDEBE26B}
		{FE95FCF8-8466-45DD-B70C-3A3D9D50CEC6} = {84EDF5DB-2F0D-418C-8225-46D3FDEBE26B}
		{550B50BB-30D3-4722-8A6C-ECF43440EA85} = {84EDF5DB-2F0D-418C-8225-46D3FDEBE26B}
		{5B9B7160-9695-437F-B984-26214C3817AC} = {E9ED6035-4BFD-4E58-A24B-F408555A5D08}
		{032F802F-32E6-4292-B75F-A2999C1C5845} = {E9ED6035-4BFD-4E58-A24B-F408555A5D08}
		{339AB223-2A3F-4331-9176-324BDECD7992} = {E9ED6035-4BFD-4E58-A24B-F408555A5D08}
		{54C810DB-1D53-43D0-8B40-E2DDAF145D2B} = {E9ED6035-4BFD-4E58-A24B-F408555A5D08}
		{4AB4EDD9-B4C3-440E-AC35-2AA10EEEFC28} = {E9ED6035-4BFD-4E58-A24B-F408555A5D08}
		{0C372D42-3E00-43F1-BAF1-1FF87A67BB5D} = {84EDF5DB-2F0D-418C-8225-46D3FDEBE26B}
		{D89FB4E2-69CE-47E8-99E6-880D2E1E6363} = {CCD7F81D-222C-4FF4-934F-B398E22D9379}
		{FAC3E5A6-9710-4D33-A779-2DCE3F9172B6} = {68C59694-BB64-436D-9A49-7F029E5976D7}
		{95418089-1299-4A82-8369-43DAC789DBC5} = {CCD7F81D-222C-4FF4-934F-B398E22D9379}
		{455A1603-46F6-4C6B-B455-325FE4B0AC72} = {CCD7F81D-222C-4FF4-934F-B398E22D9379}
	EndGlobalSection
EndGlobal
